{
  "name": "pmsheet",
  "version": "1.0.0",
  "lockfileVersion": 2,
  "requires": true,
  "packages": {
    "": {
      "version": "1.0.0",
      "license": "MIT",
      "dependencies": {
        "@types/google-apps-script": "^1.0.35",
        "clasp": "^1.0.0",
        "moment": "^2.29.1",
        "typescript": "^4.3.5"
      }
    },
    "node_modules/@types/google-apps-script": {
      "version": "1.0.35",
      "resolved": "https://registry.npmjs.org/@types/google-apps-script/-/google-apps-script-1.0.35.tgz",
      "integrity": "sha512-Vt3iTpxDEsCHubrAu3c6/I+1l30py9P565whqrGPmlIl53Nir7+oXO2/e5U0Suf4LrtG2wvYeljR4kzvOIqJsg=="
    },
    "node_modules/clasp": {
      "version": "1.0.0",
      "resolved": "https://registry.npmjs.org/clasp/-/clasp-1.0.0.tgz",
      "integrity": "sha512-JkgxdZvYBtqIlGPvC5oRZ548eHpfx+81z5GXckpXcMkRTZDddkQfwK60w1YE32n8ovGoSW88pbsIvCPOKM6hyA==",
      "hasInstallScript": true
    },
    "node_modules/moment": {
      "version": "2.29.1",
      "resolved": "https://registry.npmjs.org/moment/-/moment-2.29.1.tgz",
      "integrity": "sha512-kHmoybcPV8Sqy59DwNDY3Jefr64lK/by/da0ViFcuA4DH0vQg5Q6Ze5VimxkfQNSC+Mls/Kx53s7TjP1RhFEDQ==",
      "engines": {
        "node": "*"
      }
    },
    "node_modules/typescript": {
      "version": "4.3.5",
      "resolved": "https://registry.npmjs.org/typescript/-/typescript-4.3.5.tgz",
      "integrity": "sha512-DqQgihaQ9cUrskJo9kIyW/+g0Vxsk8cDtZ52a3NGh0YNTfpUSArXSohyUGnvbPazEPLu398C0UxmKSOrPumUzA==",
      "bin": {
        "tsc": "bin/tsc",
        "tsserver": "bin/tsserver"
      },
      "engines": {
        "node": ">=4.2.0"
      }
    }
  },
  "dependencies": {
    "@types/google-apps-script": {
      "version": "1.0.35",
      "resolved": "https://registry.npmjs.org/@types/google-apps-script/-/google-apps-script-1.0.35.tgz",
      "integrity": "sha512-Vt3iTpxDEsCHubrAu3c6/I+1l30py9P565whqrGPmlIl53Nir7+oXO2/e5U0Suf4LrtG2wvYeljR4kzvOIqJsg=="
    },
    "clasp": {
      "version": "1.0.0",
      "resolved": "https://registry.npmjs.org/clasp/-/clasp-1.0.0.tgz",
      "integrity": "sha512-JkgxdZvYBtqIlGPvC5oRZ548eHpfx+81z5GXckpXcMkRTZDddkQfwK60w1YE32n8ovGoSW88pbsIvCPOKM6hyA=="
    },
    "moment": {
      "version": "2.29.1",
      "resolved": "https://registry.npmjs.org/moment/-/moment-2.29.1.tgz",
      "integrity": "sha512-kHmoybcPV8Sqy59DwNDY3Jefr64lK/by/da0ViFcuA4DH0vQg5Q6Ze5VimxkfQNSC+Mls/Kx53s7TjP1RhFEDQ=="
    },
    "typescript": {
      "version": "4.3.5",
      "resolved": "https://registry.npmjs.org/typescript/-/typescript-4.3.5.tgz",
      "integrity": "sha512-DqQgihaQ9cUrskJo9kIyW/+g0Vxsk8cDtZ52a3NGh0YNTfpUSArXSohyUGnvbPazEPLu398C0UxmKSOrPumUzA=="
    }
  }
}
